
Microsoft Visual Studio Solution File, Format Version 12.00
# Visual Studio 15
VisualStudioVersion = 15.0.28307.329
MinimumVisualStudioVersion = 10.0.40219.1
Project("{FAE04EC0-301F-11D3-BF4B-00C04F79EFBC}") = "BaseAlexaSkill", "BaseAlexaSkill\BaseAlexaSkill.csproj", "{FB16F376-906B-481F-8C56-10DE8CD4A9F5}"
EndProject
Global
	GlobalSection(SolutionConfigurationPlatforms) = preSolution
		Debug|Any CPU = Debug|Any CPU
		Release|Any CPU = Release|Any CPU
	EndGlobalSection
	GlobalSection(ProjectConfigurationPlatforms) = postSolution
		{FB16F376-906B-481F-8C56-10DE8CD4A9F5}.Debug|Any CPU.ActiveCfg = Debug|Any CPU
		{FB16F376-906B-481F-8C56-10DE8CD4A9F5}.Debug|Any CPU.Build.0 = Debug|Any CPU
		{FB16F376-906B-481F-8C56-10DE8CD4A9F5}.Release|Any CPU.ActiveCfg = Release|Any CPU
		{FB16F376-906B-481F-8C56-10DE8CD4A9F5}.Release|Any CPU.Build.0 = Release|Any CPU
	EndGlobalSection
	GlobalSection(SolutionProperties) = preSolution
		HideSolutionNode = FALSE
	EndGlobalSection
	GlobalSection(ExtensibilityGlobals) = postSolution
		SolutionGuid = {2E9DFE96-6D1D-4778-A397-BC5B43BEC2F0}
	EndGlobalSection
EndGlobal
